
Microsoft Visual Studio Solution File, Format Version 12.00
# Visual Studio Version 16
VisualStudioVersion = 16.0.32802.440
MinimumVisualStudioVersion = 10.0.40219.1
Project("{FAE04EC0-301F-11D3-BF4B-00C04F79EFBC}") = "560-Project", "560-Project\560-Project.csproj", "{450EC6AD-C837-4FE2-8D04-244CB67E9B60}"
EndProject
Global
	GlobalSection(SolutionConfigurationPlatforms) = preSolution
		Debug|Any CPU = Debug|Any CPU
		Release|Any CPU = Release|Any CPU
	EndGlobalSection
	GlobalSection(ProjectConfigurationPlatforms) = postSolution
		{450EC6AD-C837-4FE2-8D04-244CB67E9B60}.Debug|Any CPU.ActiveCfg = Debug|Any CPU
		{450EC6AD-C837-4FE2-8D04-244CB67E9B60}.Debug|Any CPU.Build.0 = Debug|Any CPU
		{450EC6AD-C837-4FE2-8D04-244CB67E9B60}.Release|Any CPU.ActiveCfg = Release|Any CPU
		{450EC6AD-C837-4FE2-8D04-244CB67E9B60}.Release|Any CPU.Build.0 = Release|Any CPU
	EndGlobalSection
	GlobalSection(SolutionProperties) = preSolution
		HideSolutionNode = FALSE
	EndGlobalSection
	GlobalSection(ExtensibilityGlobals) = postSolution
		SolutionGuid = {B5C233ED-FD67-4B4C-9823-9DE47069343E}
	EndGlobalSection
EndGlobal
